
Microsoft Visual Studio Solution File, Format Version 12.00
# Visual Studio Version 17
VisualStudioVersion = 17.9.34723.18
MinimumVisualStudioVersion = 10.0.40219.1
Project("{FAE04EC0-301F-11D3-BF4B-00C04F79EFBC}") = "ITP.Android", "ITP\ITP.Android\ITP.Android.csproj", "{52CC0DF2-F947-47DA-A5CF-612B5C0B9B83}"
EndProject
Project("{FAE04EC0-301F-11D3-BF4B-00C04F79EFBC}") = "ITP", "ITP\ITP\ITP.csproj", "{24FCC474-A807-4433-9888-5C10E7CFE5A8}"
EndProject
Global
	GlobalSection(SolutionConfigurationPlatforms) = preSolution
		Debug|Any CPU = Debug|Any CPU
		Release|Any CPU = Release|Any CPU
	EndGlobalSection
	GlobalSection(ProjectConfigurationPlatforms) = postSolution
		{52CC0DF2-F947-47DA-A5CF-612B5C0B9B83}.Debug|Any CPU.ActiveCfg = Debug|Any CPU
		{52CC0DF2-F947-47DA-A5CF-612B5C0B9B83}.Debug|Any CPU.Build.0 = Debug|Any CPU
		{52CC0DF2-F947-47DA-A5CF-612B5C0B9B83}.Debug|Any CPU.Deploy.0 = Debug|Any CPU
		{52CC0DF2-F947-47DA-A5CF-612B5C0B9B83}.Release|Any CPU.ActiveCfg = Release|Any CPU
		{52CC0DF2-F947-47DA-A5CF-612B5C0B9B83}.Release|Any CPU.Build.0 = Release|Any CPU
		{52CC0DF2-F947-47DA-A5CF-612B5C0B9B83}.Release|Any CPU.Deploy.0 = Release|Any CPU
		{24FCC474-A807-4433-9888-5C10E7CFE5A8}.Debug|Any CPU.ActiveCfg = Debug|Any CPU
		{24FCC474-A807-4433-9888-5C10E7CFE5A8}.Debug|Any CPU.Build.0 = Debug|Any CPU
		{24FCC474-A807-4433-9888-5C10E7CFE5A8}.Debug|Any CPU.Deploy.0 = Debug|Any CPU
		{24FCC474-A807-4433-9888-5C10E7CFE5A8}.Release|Any CPU.ActiveCfg = Release|Any CPU
		{24FCC474-A807-4433-9888-5C10E7CFE5A8}.Release|Any CPU.Build.0 = Release|Any CPU
		{24FCC474-A807-4433-9888-5C10E7CFE5A8}.Release|Any CPU.Deploy.0 = Release|Any CPU
	EndGlobalSection
	GlobalSection(SolutionProperties) = preSolution
		HideSolutionNode = FALSE
	EndGlobalSection
	GlobalSection(ExtensibilityGlobals) = postSolution
		SolutionGuid = {2A93E66D-2FE7-4735-A4C4-FCB9CC6ADC97}
	EndGlobalSection
EndGlobal
